
Microsoft Visual Studio Solution File, Format Version 12.00
# Visual Studio Version 17
VisualStudioVersion = 17.3.32811.315
MinimumVisualStudioVersion = 10.0.40219.1
Project("{FAE04EC0-301F-11D3-BF4B-00C04F79EFBC}") = "BlogWebAPI", "BlogWebAPI\BlogWebAPI.csproj", "{AEA44644-01FC-496C-8730-66FB368B2513}"
EndProject
Project("{FAE04EC0-301F-11D3-BF4B-00C04F79EFBC}") = "SokolDev.BusinessLogic", "SokolDev.BusinessLogic\SokolDev.BusinessLogic.csproj", "{14D50ED1-EA0D-4304-BBA2-B333B1402DCD}"
EndProject
Project("{FAE04EC0-301F-11D3-BF4B-00C04F79EFBC}") = "SokolDev.Utils", "SokolDev.Utils\SokolDev.Utils.csproj", "{8D421C5E-0560-4C11-8B04-D0B4117695DE}"
EndProject
Project("{2150E333-8FDC-42A3-9474-1A3956D46DE8}") = "Tests", "Tests", "{C798CE9D-7926-44E1-BC84-63254E4DBDBD}"
EndProject
Global
	GlobalSection(SolutionConfigurationPlatforms) = preSolution
		Debug|Any CPU = Debug|Any CPU
		Release|Any CPU = Release|Any CPU
	EndGlobalSection
	GlobalSection(ProjectConfigurationPlatforms) = postSolution
		{AEA44644-01FC-496C-8730-66FB368B2513}.Debug|Any CPU.ActiveCfg = Debug|Any CPU
		{AEA44644-01FC-496C-8730-66FB368B2513}.Debug|Any CPU.Build.0 = Debug|Any CPU
		{AEA44644-01FC-496C-8730-66FB368B2513}.Release|Any CPU.ActiveCfg = Release|Any CPU
		{AEA44644-01FC-496C-8730-66FB368B2513}.Release|Any CPU.Build.0 = Release|Any CPU
		{14D50ED1-EA0D-4304-BBA2-B333B1402DCD}.Debug|Any CPU.ActiveCfg = Debug|Any CPU
		{14D50ED1-EA0D-4304-BBA2-B333B1402DCD}.Debug|Any CPU.Build.0 = Debug|Any CPU
		{14D50ED1-EA0D-4304-BBA2-B333B1402DCD}.Release|Any CPU.ActiveCfg = Release|Any CPU
		{14D50ED1-EA0D-4304-BBA2-B333B1402DCD}.Release|Any CPU.Build.0 = Release|Any CPU
		{8D421C5E-0560-4C11-8B04-D0B4117695DE}.Debug|Any CPU.ActiveCfg = Debug|Any CPU
		{8D421C5E-0560-4C11-8B04-D0B4117695DE}.Debug|Any CPU.Build.0 = Debug|Any CPU
		{8D421C5E-0560-4C11-8B04-D0B4117695DE}.Release|Any CPU.ActiveCfg = Release|Any CPU
		{8D421C5E-0560-4C11-8B04-D0B4117695DE}.Release|Any CPU.Build.0 = Release|Any CPU
	EndGlobalSection
	GlobalSection(SolutionProperties) = preSolution
		HideSolutionNode = FALSE
	EndGlobalSection
	GlobalSection(ExtensibilityGlobals) = postSolution
		SolutionGuid = {81F71F54-F7D5-4657-B828-FAFDE9E134C7}
	EndGlobalSection
EndGlobal
